
Microsoft Visual Studio Solution File, Format Version 12.00
# Visual Studio Version 17
VisualStudioVersion = 17.4.33103.184
MinimumVisualStudioVersion = 10.0.40219.1
Project("{FAE04EC0-301F-11D3-BF4B-00C04F79EFBC}") = "N5CompanyAPI", "N5CompanyAPI\N5CompanyAPI.csproj", "{6ACC7453-E9BB-454C-8D5D-2F228599CB7C}"
EndProject
Global
	GlobalSection(SolutionConfigurationPlatforms) = preSolution
		Debug|Any CPU = Debug|Any CPU
		Release|Any CPU = Release|Any CPU
	EndGlobalSection
	GlobalSection(ProjectConfigurationPlatforms) = postSolution
		{6ACC7453-E9BB-454C-8D5D-2F228599CB7C}.Debug|Any CPU.ActiveCfg = Debug|Any CPU
		{6ACC7453-E9BB-454C-8D5D-2F228599CB7C}.Debug|Any CPU.Build.0 = Debug|Any CPU
		{6ACC7453-E9BB-454C-8D5D-2F228599CB7C}.Release|Any CPU.ActiveCfg = Release|Any CPU
		{6ACC7453-E9BB-454C-8D5D-2F228599CB7C}.Release|Any CPU.Build.0 = Release|Any CPU
	EndGlobalSection
	GlobalSection(SolutionProperties) = preSolution
		HideSolutionNode = FALSE
	EndGlobalSection
	GlobalSection(ExtensibilityGlobals) = postSolution
		SolutionGuid = {4EE2FBA7-E306-44FE-A05E-07963EB8E511}
	EndGlobalSection
EndGlobal
