
Microsoft Visual Studio Solution File, Format Version 12.00
# Visual Studio Version 17
VisualStudioVersion = 17.4.33103.184
MinimumVisualStudioVersion = 10.0.40219.1
Project("{FAE04EC0-301F-11D3-BF4B-00C04F79EFBC}") = "AvalithChallange", "AvalithChallange\AvalithChallange.csproj", "{7DDBB321-B387-4C06-90BB-1B1353DDD22E}"
EndProject
Global
	GlobalSection(SolutionConfigurationPlatforms) = preSolution
		Debug|Any CPU = Debug|Any CPU
		Release|Any CPU = Release|Any CPU
	EndGlobalSection
	GlobalSection(ProjectConfigurationPlatforms) = postSolution
		{7DDBB321-B387-4C06-90BB-1B1353DDD22E}.Debug|Any CPU.ActiveCfg = Debug|Any CPU
		{7DDBB321-B387-4C06-90BB-1B1353DDD22E}.Debug|Any CPU.Build.0 = Debug|Any CPU
		{7DDBB321-B387-4C06-90BB-1B1353DDD22E}.Release|Any CPU.ActiveCfg = Release|Any CPU
		{7DDBB321-B387-4C06-90BB-1B1353DDD22E}.Release|Any CPU.Build.0 = Release|Any CPU
	EndGlobalSection
	GlobalSection(SolutionProperties) = preSolution
		HideSolutionNode = FALSE
	EndGlobalSection
	GlobalSection(ExtensibilityGlobals) = postSolution
		SolutionGuid = {E5398BE2-20AA-4B35-84E4-9ACC9A786FA2}
	EndGlobalSection
EndGlobal
